
Microsoft Visual Studio Solution File, Format Version 12.00
# Visual Studio Version 17
VisualStudioVersion = 17.13.35913.81
MinimumVisualStudioVersion = 10.0.40219.1
Project("{FAE04EC0-301F-11D3-BF4B-00C04F79EFBC}") = "Human Resources (HR)", "Human Resources (HR).csproj", "{E4E029E9-DCD1-48BD-9A05-E23DA44E172F}"
EndProject
Project("{FAE04EC0-301F-11D3-BF4B-00C04F79EFBC}") = "GUI HumanResources (HR)", "..\GUI HumanResources (HR)\GUI HumanResources (HR).csproj", "{FC694F71-DD5F-48FC-8632-88238BFF47BC}"
EndProject
Global
	GlobalSection(SolutionConfigurationPlatforms) = preSolution
		Debug|Any CPU = Debug|Any CPU
		Release|Any CPU = Release|Any CPU
	EndGlobalSection
	GlobalSection(ProjectConfigurationPlatforms) = postSolution
		{E4E029E9-DCD1-48BD-9A05-E23DA44E172F}.Debug|Any CPU.ActiveCfg = Debug|Any CPU
		{E4E029E9-DCD1-48BD-9A05-E23DA44E172F}.Debug|Any CPU.Build.0 = Debug|Any CPU
		{E4E029E9-DCD1-48BD-9A05-E23DA44E172F}.Release|Any CPU.ActiveCfg = Release|Any CPU
		{E4E029E9-DCD1-48BD-9A05-E23DA44E172F}.Release|Any CPU.Build.0 = Release|Any CPU
		{FC694F71-DD5F-48FC-8632-88238BFF47BC}.Debug|Any CPU.ActiveCfg = Debug|Any CPU
		{FC694F71-DD5F-48FC-8632-88238BFF47BC}.Debug|Any CPU.Build.0 = Debug|Any CPU
		{FC694F71-DD5F-48FC-8632-88238BFF47BC}.Release|Any CPU.ActiveCfg = Release|Any CPU
		{FC694F71-DD5F-48FC-8632-88238BFF47BC}.Release|Any CPU.Build.0 = Release|Any CPU
	EndGlobalSection
	GlobalSection(SolutionProperties) = preSolution
		HideSolutionNode = FALSE
	EndGlobalSection
	GlobalSection(ExtensibilityGlobals) = postSolution
		SolutionGuid = {DAFC369E-EBFB-4B54-BF01-F23EB1F551A1}
	EndGlobalSection
EndGlobal
